# Generated by scripts/vendor.py - do not edit by hand.
# Exact versions of the vendored core dependencies (ADR-0008).
#
# Offline install:
#   pip install --no-index --find-links=vendor \
#       --require-hashes -r requirements-core.lock

anyio==4.14.2 \
    --hash=sha256:9f505dda5ac9f0c8309b5e8bd445a8c2bf7246f3ce950121e45ea15bc41d1494
beautifulsoup4==4.15.0 \
    --hash=sha256:d6f88de62e1d4e38ecb1077eb9724cd0eff29d2a08ca16a401e9b9e93f117cf9
certifi==2026.7.22 \
    --hash=sha256:62f22742b58a1a33014a2b6b706588a8d7e2a88ae7bd1a6ebe8c992928483775
dnspython==2.8.0 \
    --hash=sha256:01d9bbc4a2d76bf0db7c1f729812ded6d912bd318d3b1cf81d30c0f845dbf3af
h11==0.16.0 \
    --hash=sha256:63cf8bbe7522de3bf65932fda1d9c2772064ffb3dae62d55932da54b31cb6c86
h2==4.4.0 \
    --hash=sha256:6acffe1aeab79098d7eb0f8385c1add11f2c7a94815f6fa2b7060eeddee3d87c
hpack==4.2.0 \
    --hash=sha256:858ac0b02280fa582b5080d68db0899c62a80375e0e5413a74970c5e518b6986
httpcore==1.0.9 \
    --hash=sha256:2d400746a40668fc9dec9810239072b40b4484b640a8c38fd654a024c7a1bf55
httpx==0.28.1 \
    --hash=sha256:d909fcccc110f8c7faf814ca82a9a4d816bc5a6dbfea25d6591d6985b8ba59ad
hyperframe==6.1.0 \
    --hash=sha256:b03380493a519fce58ea5af42e4a42317bf9bd425596f7a0835ffce80f1a42e5
idna==3.18 \
    --hash=sha256:7f952cbe720b688055e3f87de14f5c3e5fdaa8bc3928985c4077ca689de849a2
lxml==6.1.1 \
    --hash=sha256:b2d444f2e66624d68e9c6b211e28a76e22fff5fcabcfff4deac18b529b7d4137 \
    --hash=sha256:ba96ae44888e0185281e937633a743ea90d5a196c6000f82565ebb0580012d40
phonenumbers==9.0.34 \
    --hash=sha256:1221bf8e65bd2c02770226488af806d4636814bc997104d3a1f7de6ed6410bd2
psutil==7.2.2 \
    --hash=sha256:0746f5f8d406af344fd547f1c8daa5f5c33dbc293bb8d6a16d80b4bb88f59372 \
    --hash=sha256:eb7e81434c8d223ec4a219b5fc1c47d0417b12be7ea866e24fb5ad6e84b3d988
python_stdnum==2.2 \
    --hash=sha256:bdf98fd117a0ca152e4047aa8ad254bae63853d4e915ddd4e0effb33ba0e9260
soupsieve==2.9.1 \
    --hash=sha256:4f4477399246b7a0c720a88ca2454b11cd6bb9ae4c9d170140786e916776c14c
typing_extensions==4.16.0 \
    --hash=sha256:481caa481374e813c1b176ada14e97f1f67a4539ce9cfeb3f350d78d6370c2e8
